
Microsoft Visual Studio Solution File, Format Version 12.00
# Visual Studio Version 16
VisualStudioVersion = 16.0.33927.289
MinimumVisualStudioVersion = 10.0.40219.1
Project("{2150E333-8FDC-42A3-9474-1A3956D46DE8}") = "Sprint7.V14", "Sprint7.V14", "{3F17F728-FC39-430D-8928-194A350A2C47}"
EndProject
Project("{FAE04EC0-301F-11D3-BF4B-00C04F79EFBC}") = "Tyuiu.HodakovaNA.Sprint7.V14", "Tyuiu.HodakovaNA.Sprint7.V14\Tyuiu.HodakovaNA.Sprint7.V14.csproj", "{8CDEAEEE-A82A-4EB1-824F-C03C033C0FAF}"
EndProject
Project("{FAE04EC0-301F-11D3-BF4B-00C04F79EFBC}") = "Tyuiu.HodakovaNA.Sprint7.V14.Lib", "Tyuiu.HodakovaNA.Sprint7.V14.Lib\Tyuiu.HodakovaNA.Sprint7.V14.Lib.csproj", "{D1885E74-7045-4516-A41C-4BDE23E533C2}"
EndProject
Project("{FAE04EC0-301F-11D3-BF4B-00C04F79EFBC}") = "Tyuiu.HodakovaNA.Sprint7.V14.Test", "Tyuiu.HodakovaNA.Sprint7.V14.Test\Tyuiu.HodakovaNA.Sprint7.V14.Test.csproj", "{D10E810E-C47E-4B44-AF6C-CD84291D902D}"
EndProject
Global
	GlobalSection(SolutionConfigurationPlatforms) = preSolution
		Debug|Any CPU = Debug|Any CPU
		Release|Any CPU = Release|Any CPU
	EndGlobalSection
	GlobalSection(ProjectConfigurationPlatforms) = postSolution
		{8CDEAEEE-A82A-4EB1-824F-C03C033C0FAF}.Debug|Any CPU.ActiveCfg = Debug|Any CPU
		{8CDEAEEE-A82A-4EB1-824F-C03C033C0FAF}.Debug|Any CPU.Build.0 = Debug|Any CPU
		{8CDEAEEE-A82A-4EB1-824F-C03C033C0FAF}.Release|Any CPU.ActiveCfg = Release|Any CPU
		{8CDEAEEE-A82A-4EB1-824F-C03C033C0FAF}.Release|Any CPU.Build.0 = Release|Any CPU
		{D1885E74-7045-4516-A41C-4BDE23E533C2}.Debug|Any CPU.ActiveCfg = Debug|Any CPU
		{D1885E74-7045-4516-A41C-4BDE23E533C2}.Debug|Any CPU.Build.0 = Debug|Any CPU
		{D1885E74-7045-4516-A41C-4BDE23E533C2}.Release|Any CPU.ActiveCfg = Release|Any CPU
		{D1885E74-7045-4516-A41C-4BDE23E533C2}.Release|Any CPU.Build.0 = Release|Any CPU
		{D10E810E-C47E-4B44-AF6C-CD84291D902D}.Debug|Any CPU.ActiveCfg = Debug|Any CPU
		{D10E810E-C47E-4B44-AF6C-CD84291D902D}.Debug|Any CPU.Build.0 = Debug|Any CPU
		{D10E810E-C47E-4B44-AF6C-CD84291D902D}.Release|Any CPU.ActiveCfg = Release|Any CPU
		{D10E810E-C47E-4B44-AF6C-CD84291D902D}.Release|Any CPU.Build.0 = Release|Any CPU
	EndGlobalSection
	GlobalSection(SolutionProperties) = preSolution
		HideSolutionNode = FALSE
	EndGlobalSection
	GlobalSection(NestedProjects) = preSolution
		{8CDEAEEE-A82A-4EB1-824F-C03C033C0FAF} = {3F17F728-FC39-430D-8928-194A350A2C47}
		{D1885E74-7045-4516-A41C-4BDE23E533C2} = {3F17F728-FC39-430D-8928-194A350A2C47}
		{D10E810E-C47E-4B44-AF6C-CD84291D902D} = {3F17F728-FC39-430D-8928-194A350A2C47}
	EndGlobalSection
	GlobalSection(ExtensibilityGlobals) = postSolution
		SolutionGuid = {67F16418-74F7-4275-9D7B-B78AF9122E7F}
	EndGlobalSection
EndGlobal
